
Microsoft Visual Studio Solution File, Format Version 12.00
# Visual Studio 15
VisualStudioVersion = 15.0.27130.2027
MinimumVisualStudioVersion = 10.0.40219.1
Project("{FAE04EC0-301F-11D3-BF4B-00C04F79EFBC}") = "Macaw.Foundation.Variants.Velocity.Extensions", "Macaw.Foundation.Variants.Velocity.Extensions\Macaw.Foundation.Variants.Velocity.Extensions.csproj", "{0F7C8739-3F0F-434B-80C6-AC64756AA8B9}"
EndProject
Global
	GlobalSection(SolutionConfigurationPlatforms) = preSolution
		Debug|Any CPU = Debug|Any CPU
		Release|Any CPU = Release|Any CPU
	EndGlobalSection
	GlobalSection(ProjectConfigurationPlatforms) = postSolution
		{0F7C8739-3F0F-434B-80C6-AC64756AA8B9}.Debug|Any CPU.ActiveCfg = Debug|Any CPU
		{0F7C8739-3F0F-434B-80C6-AC64756AA8B9}.Debug|Any CPU.Build.0 = Debug|Any CPU
		{0F7C8739-3F0F-434B-80C6-AC64756AA8B9}.Release|Any CPU.ActiveCfg = Release|Any CPU
		{0F7C8739-3F0F-434B-80C6-AC64756AA8B9}.Release|Any CPU.Build.0 = Release|Any CPU
	EndGlobalSection
	GlobalSection(SolutionProperties) = preSolution
		HideSolutionNode = FALSE
	EndGlobalSection
	GlobalSection(ExtensibilityGlobals) = postSolution
		SolutionGuid = {330AE02D-607B-464F-ABA9-E085A73C2094}
	EndGlobalSection
EndGlobal
